
Microsoft Visual Studio Solution File, Format Version 12.00
# Visual Studio Version 16
VisualStudioVersion = 16.0.31005.135
MinimumVisualStudioVersion = 10.0.40219.1
Project("{FAE04EC0-301F-11D3-BF4B-00C04F79EFBC}") = "AHZ-Online_Library", "AHZ-Online_Library\AHZ-Online_Library.csproj", "{91AC3829-467F-421D-B0A8-964AE7C94A05}"
EndProject
Global
	GlobalSection(SolutionConfigurationPlatforms) = preSolution
		Debug|Any CPU = Debug|Any CPU
		Release|Any CPU = Release|Any CPU
	EndGlobalSection
	GlobalSection(ProjectConfigurationPlatforms) = postSolution
		{91AC3829-467F-421D-B0A8-964AE7C94A05}.Debug|Any CPU.ActiveCfg = Debug|Any CPU
		{91AC3829-467F-421D-B0A8-964AE7C94A05}.Debug|Any CPU.Build.0 = Debug|Any CPU
		{91AC3829-467F-421D-B0A8-964AE7C94A05}.Release|Any CPU.ActiveCfg = Release|Any CPU
		{91AC3829-467F-421D-B0A8-964AE7C94A05}.Release|Any CPU.Build.0 = Release|Any CPU
	EndGlobalSection
	GlobalSection(SolutionProperties) = preSolution
		HideSolutionNode = FALSE
	EndGlobalSection
	GlobalSection(ExtensibilityGlobals) = postSolution
		SolutionGuid = {24A8FC0C-6716-4DAE-ADEA-92AED4BA93A7}
	EndGlobalSection
EndGlobal
